
Microsoft Visual Studio Solution File, Format Version 12.00
# Visual Studio Version 17
VisualStudioVersion = 17.0.31912.275
MinimumVisualStudioVersion = 10.0.40219.1
Project("{FAE04EC0-301F-11D3-BF4B-00C04F79EFBC}") = "Entity", "Entity\Entity.csproj", "{665C895E-7CA4-465B-BF46-916F4AF34744}"
EndProject
Project("{FAE04EC0-301F-11D3-BF4B-00C04F79EFBC}") = "DataAccess", "DataAccess\DataAccess.csproj", "{A068000B-B7C0-49A2-875E-DE3D7A995B20}"
EndProject
Project("{FAE04EC0-301F-11D3-BF4B-00C04F79EFBC}") = "Business", "Business\Business.csproj", "{99DE627D-B5EE-4F4C-AF33-04B93FDA8566}"
EndProject
Project("{FAE04EC0-301F-11D3-BF4B-00C04F79EFBC}") = "Core", "Core\Core.csproj", "{7828795E-D27B-4D52-9CE1-E6DB131E8D92}"
EndProject
Project("{FAE04EC0-301F-11D3-BF4B-00C04F79EFBC}") = "WebApi", "WebApi\WebApi.csproj", "{10E0D993-22D0-4841-BAD4-89636B722A6D}"
EndProject
Global
	GlobalSection(SolutionConfigurationPlatforms) = preSolution
		Debug|Any CPU = Debug|Any CPU
		Release|Any CPU = Release|Any CPU
	EndGlobalSection
	GlobalSection(ProjectConfigurationPlatforms) = postSolution
		{665C895E-7CA4-465B-BF46-916F4AF34744}.Debug|Any CPU.ActiveCfg = Debug|Any CPU
		{665C895E-7CA4-465B-BF46-916F4AF34744}.Debug|Any CPU.Build.0 = Debug|Any CPU
		{665C895E-7CA4-465B-BF46-916F4AF34744}.Release|Any CPU.ActiveCfg = Release|Any CPU
		{665C895E-7CA4-465B-BF46-916F4AF34744}.Release|Any CPU.Build.0 = Release|Any CPU
		{A068000B-B7C0-49A2-875E-DE3D7A995B20}.Debug|Any CPU.ActiveCfg = Debug|Any CPU
		{A068000B-B7C0-49A2-875E-DE3D7A995B20}.Debug|Any CPU.Build.0 = Debug|Any CPU
		{A068000B-B7C0-49A2-875E-DE3D7A995B20}.Release|Any CPU.ActiveCfg = Release|Any CPU
		{A068000B-B7C0-49A2-875E-DE3D7A995B20}.Release|Any CPU.Build.0 = Release|Any CPU
		{99DE627D-B5EE-4F4C-AF33-04B93FDA8566}.Debug|Any CPU.ActiveCfg = Debug|Any CPU
		{99DE627D-B5EE-4F4C-AF33-04B93FDA8566}.Debug|Any CPU.Build.0 = Debug|Any CPU
		{99DE627D-B5EE-4F4C-AF33-04B93FDA8566}.Release|Any CPU.ActiveCfg = Release|Any CPU
		{99DE627D-B5EE-4F4C-AF33-04B93FDA8566}.Release|Any CPU.Build.0 = Release|Any CPU
		{7828795E-D27B-4D52-9CE1-E6DB131E8D92}.Debug|Any CPU.ActiveCfg = Debug|Any CPU
		{7828795E-D27B-4D52-9CE1-E6DB131E8D92}.Debug|Any CPU.Build.0 = Debug|Any CPU
		{7828795E-D27B-4D52-9CE1-E6DB131E8D92}.Release|Any CPU.ActiveCfg = Release|Any CPU
		{7828795E-D27B-4D52-9CE1-E6DB131E8D92}.Release|Any CPU.Build.0 = Release|Any CPU
		{10E0D993-22D0-4841-BAD4-89636B722A6D}.Debug|Any CPU.ActiveCfg = Debug|Any CPU
		{10E0D993-22D0-4841-BAD4-89636B722A6D}.Debug|Any CPU.Build.0 = Debug|Any CPU
		{10E0D993-22D0-4841-BAD4-89636B722A6D}.Release|Any CPU.ActiveCfg = Release|Any CPU
		{10E0D993-22D0-4841-BAD4-89636B722A6D}.Release|Any CPU.Build.0 = Release|Any CPU
	EndGlobalSection
	GlobalSection(SolutionProperties) = preSolution
		HideSolutionNode = FALSE
	EndGlobalSection
	GlobalSection(ExtensibilityGlobals) = postSolution
		SolutionGuid = {B7550D35-4619-4DD5-B29E-D55E0ADA1FBE}
	EndGlobalSection
EndGlobal
